
Microsoft Visual Studio Solution File, Format Version 12.00
# Visual Studio 2015
Project("{FAE04EC0-301F-11D3-BF4B-00C04F79EFBC}") = "ZPI-projekt.CSharp", "ZPI-projekt.CSharp.csproj", "{EF71B7DC-6D35-5AC1-F611-D043C073D99F}"
EndProject
Global
	GlobalSection(SolutionConfigurationPlatforms) = preSolution
		Debug|Any CPU = Debug|Any CPU
		Release|Any CPU = Release|Any CPU
	EndGlobalSection
	GlobalSection(ProjectConfigurationPlatforms) = postSolution
		{EF71B7DC-6D35-5AC1-F611-D043C073D99F}.Debug|Any CPU.ActiveCfg = Debug|Any CPU
		{EF71B7DC-6D35-5AC1-F611-D043C073D99F}.Debug|Any CPU.Build.0 = Debug|Any CPU
		{EF71B7DC-6D35-5AC1-F611-D043C073D99F}.Release|Any CPU.ActiveCfg = Release|Any CPU
		{EF71B7DC-6D35-5AC1-F611-D043C073D99F}.Release|Any CPU.Build.0 = Release|Any CPU
	EndGlobalSection
	GlobalSection(SolutionProperties) = preSolution
		HideSolutionNode = FALSE
	EndGlobalSection
EndGlobal
